// !$*UTF8*$!
{
	archiveVersion = 1;
	classes = {
	};
	objectVersion = 56;
	objects = {

/* Begin PBXBuildFile section */
		CFA38B0F2C46E4E900B18B64 /* Int+Identifiable.swift in Sources */ = {isa = PBXBuildFile; fileRef = CFA38B0E2C46E4E900B18B64 /* Int+Identifiable.swift */; };
		CFA38B112C46E59500B18B64 /* ForwardBackwardView.swift in Sources */ = {isa = PBXBuildFile; fileRef = CFA38B102C46E59500B18B64 /* ForwardBackwardView.swift */; };
		CFDB16592C3EC0C500B349D1 /* CoverFlowScrollViewApp.swift in Sources */ = {isa = PBXBuildFile; fileRef = CFDB16582C3EC0C500B349D1 /* CoverFlowScrollViewApp.swift */; };
		CFDB165B2C3EC0C500B349D1 /* ContentView.swift in Sources */ = {isa = PBXBuildFile; fileRef = CFDB165A2C3EC0C500B349D1 /* ContentView.swift */; };
		CFDB165D2C3EC0CA00B349D1 /* Assets.xcassets in Resources */ = {isa = PBXBuildFile; fileRef = CFDB165C2C3EC0CA00B349D1 /* Assets.xcassets */; };
		CFDB16602C3EC0CA00B349D1 /* Preview Assets.xcassets in Resources */ = {isa = PBXBuildFile; fileRef = CFDB165F2C3EC0CA00B349D1 /* Preview Assets.xcassets */; };
		CFDB16672C3EC0E600B349D1 /* Word.swift in Sources */ = {isa = PBXBuildFile; fileRef = CFDB16662C3EC0E600B349D1 /* Word.swift */; };
		CFDB16692C3EC0F100B349D1 /* Swatch.swift in Sources */ = {isa = PBXBuildFile; fileRef = CFDB16682C3EC0F100B349D1 /* Swatch.swift */; };
		CFDB166B2C3EC13100B349D1 /* SwatchView.swift in Sources */ = {isa = PBXBuildFile; fileRef = CFDB166A2C3EC13100B349D1 /* SwatchView.swift */; };
		CFDB166D2C3EC21700B349D1 /* WordView.swift in Sources */ = {isa = PBXBuildFile; fileRef = CFDB166C2C3EC21700B349D1 /* WordView.swift */; };
		CFDB166F2C3EC2EE00B349D1 /* CoverFlowScrollView.swift in Sources */ = {isa = PBXBuildFile; fileRef = CFDB166E2C3EC2ED00B349D1 /* CoverFlowScrollView.swift */; };
		CFDB16712C3ED34A00B349D1 /* CoverFlowSection.swift in Sources */ = {isa = PBXBuildFile; fileRef = CFDB16702C3ED34A00B349D1 /* CoverFlowSection.swift */; };
		CFDB16732C3EF4E900B349D1 /* SFSymbol.swift in Sources */ = {isa = PBXBuildFile; fileRef = CFDB16722C3EF4E900B349D1 /* SFSymbol.swift */; };
/* End PBXBuildFile section */

/* Begin PBXFileReference section */
		CFA38B0E2C46E4E900B18B64 /* Int+Identifiable.swift */ = {isa = PBXFileReference; lastKnownFileType = sourcecode.swift; path = "Int+Identifiable.swift"; sourceTree = "<group>"; };
		CFA38B102C46E59500B18B64 /* ForwardBackwardView.swift */ = {isa = PBXFileReference; lastKnownFileType = sourcecode.swift; path = ForwardBackwardView.swift; sourceTree = "<group>"; };
		CFDB16552C3EC0C500B349D1 /* CoverFlowScrollView.app */ = {isa = PBXFileReference; explicitFileType = wrapper.application; includeInIndex = 0; path = CoverFlowScrollView.app; sourceTree = BUILT_PRODUCTS_DIR; };
		CFDB16582C3EC0C500B349D1 /* CoverFlowScrollViewApp.swift */ = {isa = PBXFileReference; lastKnownFileType = sourcecode.swift; path = CoverFlowScrollViewApp.swift; sourceTree = "<group>"; };
		CFDB165A2C3EC0C500B349D1 /* ContentView.swift */ = {isa = PBXFileReference; lastKnownFileType = sourcecode.swift; path = ContentView.swift; sourceTree = "<group>"; };
		CFDB165C2C3EC0CA00B349D1 /* Assets.xcassets */ = {isa = PBXFileReference; lastKnownFileType = folder.assetcatalog; path = Assets.xcassets; sourceTree = "<group>"; };
		CFDB165F2C3EC0CA00B349D1 /* Preview Assets.xcassets */ = {isa = PBXFileReference; lastKnownFileType = folder.assetcatalog; path = "Preview Assets.xcassets"; sourceTree = "<group>"; };
		CFDB16662C3EC0E600B349D1 /* Word.swift */ = {isa = PBXFileReference; lastKnownFileType = sourcecode.swift; path = Word.swift; sourceTree = "<group>"; };
		CFDB16682C3EC0F100B349D1 /* Swatch.swift */ = {isa = PBXFileReference; lastKnownFileType = sourcecode.swift; path = Swatch.swift; sourceTree = "<group>"; };
		CFDB166A2C3EC13100B349D1 /* SwatchView.swift */ = {isa = PBXFileReference; lastKnownFileType = sourcecode.swift; path = SwatchView.swift; sourceTree = "<group>"; };
		CFDB166C2C3EC21700B349D1 /* WordView.swift */ = {isa = PBXFileReference; lastKnownFileType = sourcecode.swift; path = WordView.swift; sourceTree = "<group>"; };
		CFDB166E2C3EC2ED00B349D1 /* CoverFlowScrollView.swift */ = {isa = PBXFileReference; lastKnownFileType = sourcecode.swift; path = CoverFlowScrollView.swift; sourceTree = "<group>"; };
		CFDB16702C3ED34A00B349D1 /* CoverFlowSection.swift */ = {isa = PBXFileReference; lastKnownFileType = sourcecode.swift; path = CoverFlowSection.swift; sourceTree = "<group>"; };
		CFDB16722C3EF4E900B349D1 /* SFSymbol.swift */ = {isa = PBXFileReference; lastKnownFileType = sourcecode.swift; path = SFSymbol.swift; sourceTree = "<group>"; };
/* End PBXFileReference section */

/* Begin PBXFrameworksBuildPhase section */
		CFDB16522C3EC0C500B349D1 /* Frameworks */ = {
			isa = PBXFrameworksBuildPhase;
			buildActionMask = 2147483647;
			files = (
			);
			runOnlyForDeploymentPostprocessing = 0;
		};
/* End PBXFrameworksBuildPhase section */

/* Begin PBXGroup section */
		CFDB164C2C3EC0C500B349D1 = {
			isa = PBXGroup;
			children = (
				CFDB16572C3EC0C500B349D1 /* GenericSection */,
				CFDB16562C3EC0C500B349D1 /* Products */,
			);
			sourceTree = "<group>";
		};
		CFDB16562C3EC0C500B349D1 /* Products */ = {
			isa = PBXGroup;
			children = (
				CFDB16552C3EC0C500B349D1 /* CoverFlowScrollView.app */,
			);
			name = Products;
			sourceTree = "<group>";
		};
		CFDB16572C3EC0C500B349D1 /* GenericSection */ = {
			isa = PBXGroup;
			children = (
				CFDB16582C3EC0C500B349D1 /* CoverFlowScrollViewApp.swift */,
				CFDB165A2C3EC0C500B349D1 /* ContentView.swift */,
				CFDB166E2C3EC2ED00B349D1 /* CoverFlowScrollView.swift */,
				CFDB16702C3ED34A00B349D1 /* CoverFlowSection.swift */,
				CFA38B102C46E59500B18B64 /* ForwardBackwardView.swift */,
				CFDB166A2C3EC13100B349D1 /* SwatchView.swift */,
				CFDB166C2C3EC21700B349D1 /* WordView.swift */,
				CFDB16742C3EF4F500B349D1 /* Model */,
				CFDB165C2C3EC0CA00B349D1 /* Assets.xcassets */,
				CFDB165E2C3EC0CA00B349D1 /* Preview Content */,
			);
			path = GenericSection;
			sourceTree = "<group>";
		};
		CFDB165E2C3EC0CA00B349D1 /* Preview Content */ = {
			isa = PBXGroup;
			children = (
				CFDB165F2C3EC0CA00B349D1 /* Preview Assets.xcassets */,
			);
			path = "Preview Content";
			sourceTree = "<group>";
		};
		CFDB16742C3EF4F500B349D1 /* Model */ = {
			isa = PBXGroup;
			children = (
				CFA38B0E2C46E4E900B18B64 /* Int+Identifiable.swift */,
				CFDB16662C3EC0E600B349D1 /* Word.swift */,
				CFDB16722C3EF4E900B349D1 /* SFSymbol.swift */,
				CFDB16682C3EC0F100B349D1 /* Swatch.swift */,
			);
			path = Model;
			sourceTree = "<group>";
		};
/* End PBXGroup section */

/* Begin PBXNativeTarget section */
		CFDB16542C3EC0C500B349D1 /* CoverFlowScrollView */ = {
			isa = PBXNativeTarget;
			buildConfigurationList = CFDB16632C3EC0CA00B349D1 /* Build configuration list for PBXNativeTarget "CoverFlowScrollView" */;
			buildPhases = (
				CFDB16512C3EC0C500B349D1 /* Sources */,
				CFDB16522C3EC0C500B349D1 /* Frameworks */,
				CFDB16532C3EC0C500B349D1 /* Resources */,
			);
			buildRules = (
			);
			dependencies = (
			);
			name = CoverFlowScrollView;
			productName = GenericSection;
			productReference = CFDB16552C3EC0C500B349D1 /* CoverFlowScrollView.app */;
			productType = "com.apple.product-type.application";
		};
/* End PBXNativeTarget section */

/* Begin PBXProject section */
		CFDB164D2C3EC0C500B349D1 /* Project object */ = {
			isa = PBXProject;
			attributes = {
				BuildIndependentTargetsInParallel = 1;
				LastSwiftUpdateCheck = 1540;
				LastUpgradeCheck = 1540;
				TargetAttributes = {
					CFDB16542C3EC0C500B349D1 = {
						CreatedOnToolsVersion = 15.4;
					};
				};
			};
			buildConfigurationList = CFDB16502C3EC0C500B349D1 /* Build configuration list for PBXProject "CoverFlowScrollView" */;
			compatibilityVersion = "Xcode 14.0";
			developmentRegion = en;
			hasScannedForEncodings = 0;
			knownRegions = (
				en,
				Base,
			);
			mainGroup = CFDB164C2C3EC0C500B349D1;
			productRefGroup = CFDB16562C3EC0C500B349D1 /* Products */;
			projectDirPath = "";
			projectRoot = "";
			targets = (
				CFDB16542C3EC0C500B349D1 /* CoverFlowScrollView */,
			);
		};
/* End PBXProject section */

/* Begin PBXResourcesBuildPhase section */
		CFDB16532C3EC0C500B349D1 /* Resources */ = {
			isa = PBXResourcesBuildPhase;
			buildActionMask = 2147483647;
			files = (
				CFDB16602C3EC0CA00B349D1 /* Preview Assets.xcassets in Resources */,
				CFDB165D2C3EC0CA00B349D1 /* Assets.xcassets in Resources */,
			);
			runOnlyForDeploymentPostprocessing = 0;
		};
/* End PBXResourcesBuildPhase section */

/* Begin PBXSourcesBuildPhase section */
		CFDB16512C3EC0C500B349D1 /* Sources */ = {
			isa = PBXSourcesBuildPhase;
			buildActionMask = 2147483647;
			files = (
				CFDB165B2C3EC0C500B349D1 /* ContentView.swift in Sources */,
				CFDB16692C3EC0F100B349D1 /* Swatch.swift in Sources */,
				CFDB166D2C3EC21700B349D1 /* WordView.swift in Sources */,
				CFA38B0F2C46E4E900B18B64 /* Int+Identifiable.swift in Sources */,
				CFDB166F2C3EC2EE00B349D1 /* CoverFlowScrollView.swift in Sources */,
				CFDB166B2C3EC13100B349D1 /* SwatchView.swift in Sources */,
				CFA38B112C46E59500B18B64 /* ForwardBackwardView.swift in Sources */,
				CFDB16712C3ED34A00B349D1 /* CoverFlowSection.swift in Sources */,
				CFDB16592C3EC0C500B349D1 /* CoverFlowScrollViewApp.swift in Sources */,
				CFDB16672C3EC0E600B349D1 /* Word.swift in Sources */,
				CFDB16732C3EF4E900B349D1 /* SFSymbol.swift in Sources */,
			);
			runOnlyForDeploymentPostprocessing = 0;
		};
/* End PBXSourcesBuildPhase section */

/* Begin XCBuildConfiguration section */
		CFDB16612C3EC0CA00B349D1 /* Debug */ = {
			isa = XCBuildConfiguration;
			buildSettings = {
				ALWAYS_SEARCH_USER_PATHS = NO;
				ASSETCATALOG_COMPILER_GENERATE_SWIFT_ASSET_SYMBOL_EXTENSIONS = YES;
				CLANG_ANALYZER_NONNULL = YES;
				CLANG_ANALYZER_NUMBER_OBJECT_CONVERSION = YES_AGGRESSIVE;
				CLANG_CXX_LANGUAGE_STANDARD = "gnu++20";
				CLANG_ENABLE_MODULES = YES;
				CLANG_ENABLE_OBJC_ARC = YES;
				CLANG_ENABLE_OBJC_WEAK = YES;
				CLANG_WARN_BLOCK_CAPTURE_AUTORELEASING = YES;
				CLANG_WARN_BOOL_CONVERSION = YES;
				CLANG_WARN_COMMA = YES;
				CLANG_WARN_CONSTANT_CONVERSION = YES;
				CLANG_WARN_DEPRECATED_OBJC_IMPLEMENTATIONS = YES;
				CLANG_WARN_DIRECT_OBJC_ISA_USAGE = YES_ERROR;
				CLANG_WARN_DOCUMENTATION_COMMENTS = YES;
				CLANG_WARN_EMPTY_BODY = YES;
				CLANG_WARN_ENUM_CONVERSION = YES;
				CLANG_WARN_INFINITE_RECURSION = YES;
				CLANG_WARN_INT_CONVERSION = YES;
				CLANG_WARN_NON_LITERAL_NULL_CONVERSION = YES;
				CLANG_WARN_OBJC_IMPLICIT_RETAIN_SELF = YES;
				CLANG_WARN_OBJC_LITERAL_CONVERSION = YES;
				CLANG_WARN_OBJC_ROOT_CLASS = YES_ERROR;
				CLANG_WARN_QUOTED_INCLUDE_IN_FRAMEWORK_HEADER = YES;
				CLANG_WARN_RANGE_LOOP_ANALYSIS = YES;
				CLANG_WARN_STRICT_PROTOTYPES = YES;
				CLANG_WARN_SUSPICIOUS_MOVE = YES;
				CLANG_WARN_UNGUARDED_AVAILABILITY = YES_AGGRESSIVE;
				CLANG_WARN_UNREACHABLE_CODE = YES;
				CLANG_WARN__DUPLICATE_METHOD_MATCH = YES;
				COPY_PHASE_STRIP = NO;
				DEBUG_INFORMATION_FORMAT = dwarf;
				ENABLE_STRICT_OBJC_MSGSEND = YES;
				ENABLE_TESTABILITY = YES;
				ENABLE_USER_SCRIPT_SANDBOXING = YES;
				GCC_C_LANGUAGE_STANDARD = gnu17;
				GCC_DYNAMIC_NO_PIC = NO;
				GCC_NO_COMMON_BLOCKS = YES;
				GCC_OPTIMIZATION_LEVEL = 0;
				GCC_PREPROCESSOR_DEFINITIONS = (
					"DEBUG=1",
					"$(inherited)",
				);
				GCC_WARN_64_TO_32_BIT_CONVERSION = YES;
				GCC_WARN_ABOUT_RETURN_TYPE = YES_ERROR;
				GCC_WARN_UNDECLARED_SELECTOR = YES;
				GCC_WARN_UNINITIALIZED_AUTOS = YES_AGGRESSIVE;
				GCC_WARN_UNUSED_FUNCTION = YES;
				GCC_WARN_UNUSED_VARIABLE = YES;
				IPHONEOS_DEPLOYMENT_TARGET = 17.5;
				LOCALIZATION_PREFERS_STRING_CATALOGS = YES;
				MTL_ENABLE_DEBUG_INFO = INCLUDE_SOURCE;
				MTL_FAST_MATH = YES;
				ONLY_ACTIVE_ARCH = YES;
				SDKROOT = iphoneos;
				SWIFT_ACTIVE_COMPILATION_CONDITIONS = "DEBUG $(inherited)";
				SWIFT_OPTIMIZATION_LEVEL = "-Onone";
			};
			name = Debug;
		};
		CFDB16622C3EC0CA00B349D1 /* Release */ = {
			isa = XCBuildConfiguration;
			buildSettings = {
				ALWAYS_SEARCH_USER_PATHS = NO;
				ASSETCATALOG_COMPILER_GENERATE_SWIFT_ASSET_SYMBOL_EXTENSIONS = YES;
				CLANG_ANALYZER_NONNULL = YES;
				CLANG_ANALYZER_NUMBER_OBJECT_CONVERSION = YES_AGGRESSIVE;
				CLANG_CXX_LANGUAGE_STANDARD = "gnu++20";
				CLANG_ENABLE_MODULES = YES;
				CLANG_ENABLE_OBJC_ARC = YES;
				CLANG_ENABLE_OBJC_WEAK = YES;
				CLANG_WARN_BLOCK_CAPTURE_AUTORELEASING = YES;
				CLANG_WARN_BOOL_CONVERSION = YES;
				CLANG_WARN_COMMA = YES;
				CLANG_WARN_CONSTANT_CONVERSION = YES;
				CLANG_WARN_DEPRECATED_OBJC_IMPLEMENTATIONS = YES;
				CLANG_WARN_DIRECT_OBJC_ISA_USAGE = YES_ERROR;
				CLANG_WARN_DOCUMENTATION_COMMENTS = YES;
				CLANG_WARN_EMPTY_BODY = YES;
				CLANG_WARN_ENUM_CONVERSION = YES;
				CLANG_WARN_INFINITE_RECURSION = YES;
				CLANG_WARN_INT_CONVERSION = YES;
				CLANG_WARN_NON_LITERAL_NULL_CONVERSION = YES;
				CLANG_WARN_OBJC_IMPLICIT_RETAIN_SELF = YES;
				CLANG_WARN_OBJC_LITERAL_CONVERSION = YES;
				CLANG_WARN_OBJC_ROOT_CLASS = YES_ERROR;
				CLANG_WARN_QUOTED_INCLUDE_IN_FRAMEWORK_HEADER = YES;
				CLANG_WARN_RANGE_LOOP_ANALYSIS = YES;
				CLANG_WARN_STRICT_PROTOTYPES = YES;
				CLANG_WARN_SUSPICIOUS_MOVE = YES;
				CLANG_WARN_UNGUARDED_AVAILABILITY = YES_AGGRESSIVE;
				CLANG_WARN_UNREACHABLE_CODE = YES;
				CLANG_WARN__DUPLICATE_METHOD_MATCH = YES;
				COPY_PHASE_STRIP = NO;
				DEBUG_INFORMATION_FORMAT = "dwarf-with-dsym";
				ENABLE_NS_ASSERTIONS = NO;
				ENABLE_STRICT_OBJC_MSGSEND = YES;
				ENABLE_USER_SCRIPT_SANDBOXING = YES;
				GCC_C_LANGUAGE_STANDARD = gnu17;
				GCC_NO_COMMON_BLOCKS = YES;
				GCC_WARN_64_TO_32_BIT_CONVERSION = YES;
				GCC_WARN_ABOUT_RETURN_TYPE = YES_ERROR;
				GCC_WARN_UNDECLARED_SELECTOR = YES;
				GCC_WARN_UNINITIALIZED_AUTOS = YES_AGGRESSIVE;
				GCC_WARN_UNUSED_FUNCTION = YES;
				GCC_WARN_UNUSED_VARIABLE = YES;
				IPHONEOS_DEPLOYMENT_TARGET = 17.5;
				LOCALIZATION_PREFERS_STRING_CATALOGS = YES;
				MTL_ENABLE_DEBUG_INFO = NO;
				MTL_FAST_MATH = YES;
				SDKROOT = iphoneos;
				SWIFT_COMPILATION_MODE = wholemodule;
				VALIDATE_PRODUCT = YES;
			};
			name = Release;
		};
		CFDB16642C3EC0CA00B349D1 /* Debug */ = {
			isa = XCBuildConfiguration;
			buildSettings = {
				ASSETCATALOG_COMPILER_APPICON_NAME = AppIcon;
				ASSETCATALOG_COMPILER_GLOBAL_ACCENT_COLOR_NAME = AccentColor;
				CODE_SIGN_STYLE = Automatic;
				CURRENT_PROJECT_VERSION = 1;
				DEVELOPMENT_ASSET_PATHS = "\"GenericSection/Preview Content\"";
				DEVELOPMENT_TEAM = RLT3Y7VWF4;
				ENABLE_PREVIEWS = YES;
				GENERATE_INFOPLIST_FILE = YES;
				INFOPLIST_KEY_UIApplicationSceneManifest_Generation = YES;
				INFOPLIST_KEY_UIApplicationSupportsIndirectInputEvents = YES;
				INFOPLIST_KEY_UILaunchScreen_Generation = YES;
				INFOPLIST_KEY_UISupportedInterfaceOrientations_iPad = "UIInterfaceOrientationPortrait UIInterfaceOrientationPortraitUpsideDown UIInterfaceOrientationLandscapeLeft UIInterfaceOrientationLandscapeRight";
				INFOPLIST_KEY_UISupportedInterfaceOrientations_iPhone = "UIInterfaceOrientationPortrait UIInterfaceOrientationLandscapeLeft UIInterfaceOrientationLandscapeRight";
				LD_RUNPATH_SEARCH_PATHS = (
					"$(inherited)",
					"@executable_path/Frameworks",
				);
				MARKETING_VERSION = 1.0;
				PRODUCT_BUNDLE_IDENTIFIER = com.paulpatterson.GenericSection;
				PRODUCT_NAME = "$(TARGET_NAME)";
				SWIFT_EMIT_LOC_STRINGS = YES;
				SWIFT_VERSION = 5.0;
				TARGETED_DEVICE_FAMILY = "1,2";
			};
			name = Debug;
		};
		CFDB16652C3EC0CA00B349D1 /* Release */ = {
			isa = XCBuildConfiguration;
			buildSettings = {
				ASSETCATALOG_COMPILER_APPICON_NAME = AppIcon;
				ASSETCATALOG_COMPILER_GLOBAL_ACCENT_COLOR_NAME = AccentColor;
				CODE_SIGN_STYLE = Automatic;
				CURRENT_PROJECT_VERSION = 1;
				DEVELOPMENT_ASSET_PATHS = "\"GenericSection/Preview Content\"";
				DEVELOPMENT_TEAM = RLT3Y7VWF4;
				ENABLE_PREVIEWS = YES;
				GENERATE_INFOPLIST_FILE = YES;
				INFOPLIST_KEY_UIApplicationSceneManifest_Generation = YES;
				INFOPLIST_KEY_UIApplicationSupportsIndirectInputEvents = YES;
				INFOPLIST_KEY_UILaunchScreen_Generation = YES;
				INFOPLIST_KEY_UISupportedInterfaceOrientations_iPad = "UIInterfaceOrientationPortrait UIInterfaceOrientationPortraitUpsideDown UIInterfaceOrientationLandscapeLeft UIInterfaceOrientationLandscapeRight";
				INFOPLIST_KEY_UISupportedInterfaceOrientations_iPhone = "UIInterfaceOrientationPortrait UIInterfaceOrientationLandscapeLeft UIInterfaceOrientationLandscapeRight";
				LD_RUNPATH_SEARCH_PATHS = (
					"$(inherited)",
					"@executable_path/Frameworks",
				);
				MARKETING_VERSION = 1.0;
				PRODUCT_BUNDLE_IDENTIFIER = com.paulpatterson.GenericSection;
				PRODUCT_NAME = "$(TARGET_NAME)";
				SWIFT_EMIT_LOC_STRINGS = YES;
				SWIFT_VERSION = 5.0;
				TARGETED_DEVICE_FAMILY = "1,2";
			};
			name = Release;
		};
/* End XCBuildConfiguration section */

/* Begin XCConfigurationList section */
		CFDB16502C3EC0C500B349D1 /* Build configuration list for PBXProject "CoverFlowScrollView" */ = {
			isa = XCConfigurationList;
			buildConfigurations = (
				CFDB16612C3EC0CA00B349D1 /* Debug */,
				CFDB16622C3EC0CA00B349D1 /* Release */,
			);
			defaultConfigurationIsVisible = 0;
			defaultConfigurationName = Release;
		};
		CFDB16632C3EC0CA00B349D1 /* Build configuration list for PBXNativeTarget "CoverFlowScrollView" */ = {
			isa = XCConfigurationList;
			buildConfigurations = (
				CFDB16642C3EC0CA00B349D1 /* Debug */,
				CFDB16652C3EC0CA00B349D1 /* Release */,
			);
			defaultConfigurationIsVisible = 0;
			defaultConfigurationName = Release;
		};
/* End XCConfigurationList section */
	};
	rootObject = CFDB164D2C3EC0C500B349D1 /* Project object */;
}
